# THIS IS AN AUTOGENERATED FILE. DO NOT EDIT THIS FILE DIRECTLY.
# yarn lockfile v1


"@prisma/client@^3.1.1":
  version "3.1.1"
  resolved "https://registry.yarnpkg.com/@prisma/client/-/client-3.1.1.tgz#f4012631528049c22d12b212846dcf503db33cfe"
  integrity sha512-8ud8vVFMIg37yrkZ4wPpjKoMxFbCL0Pesq5eyLnag/s0LTKsVEN7ZBIQq9JzWW+AUqOzGKXr2Jt4Sl8xdGI99w==
  dependencies:
    "@prisma/engines-version" "3.1.0-24.c22652b7e418506fab23052d569b85d3aec4883f"

"@prisma/engines-version@3.1.0-24.c22652b7e418506fab23052d569b85d3aec4883f":
  version "3.1.0-24.c22652b7e418506fab23052d569b85d3aec4883f"
  resolved "https://registry.yarnpkg.com/@prisma/engines-version/-/engines-version-3.1.0-24.c22652b7e418506fab23052d569b85d3aec4883f.tgz#f9908eb7808f2a546634398063942eaecb2474ef"
  integrity sha512-EuEMKLuwIcBO7uInZQHeG1yaywcfl32Tq8TDf5tgLvblk+ka70sej7S67lh3BV5gXMLTc3GdthSHPfDqZEK5uA==
